
Microsoft Visual Studio Solution File, Format Version 12.00
# Visual Studio Version 16
VisualStudioVersion = 16.0.29306.81
MinimumVisualStudioVersion = 10.0.40219.1
Project("{2150E333-8FDC-42A3-9474-1A3956D46DE8}") = "Solution Items", "Solution Items", "{09AF4D2E-799E-46D5-A796-74D3AA0994A6}"
	ProjectSection(SolutionItems) = preProject
		.editorconfig = .editorconfig
		.gitignore = .gitignore
		CodeAnalysis.ruleset = CodeAnalysis.ruleset
		README.md = README.md
	EndProjectSection
EndProject
Project("{9A19103F-16F7-4668-BE54-9A1E7A4F7556}") = "IdentityServer.Data", "IdentityServer.Data\IdentityServer.Data.csproj", "{64ACA66D-484C-4FAC-88F0-49FEA91ED593}"
EndProject
Project("{9A19103F-16F7-4668-BE54-9A1E7A4F7556}") = "IdentityServer.Common", "IdentityServer.Common\IdentityServer.Common.csproj", "{B0986FBF-8073-4370-A366-BC373801B530}"
EndProject
Project("{9A19103F-16F7-4668-BE54-9A1E7A4F7556}") = "IdentityServer.Admin.Models", "IdentityServer.Admin.Models\IdentityServer.Admin.Models.csproj", "{7AF28F6C-8295-466B-969C-76B6C4258A9C}"
EndProject
Project("{9A19103F-16F7-4668-BE54-9A1E7A4F7556}") = "IdentityServer", "IdentityServer\IdentityServer.csproj", "{A957BD60-E2E0-46A3-B9D8-B771528D399E}"
EndProject
Project("{FAE04EC0-301F-11D3-BF4B-00C04F79EFBC}") = "IdentityServer.Admin", "IdentityServer.Admin\IdentityServer.Admin.csproj", "{AC2C1F51-BD1E-471A-8E7F-65DFDEE34ECE}"
EndProject
Global
	GlobalSection(SolutionConfigurationPlatforms) = preSolution
		Debug|Any CPU = Debug|Any CPU
		Release|Any CPU = Release|Any CPU
	EndGlobalSection
	GlobalSection(ProjectConfigurationPlatforms) = postSolution
		{64ACA66D-484C-4FAC-88F0-49FEA91ED593}.Debug|Any CPU.ActiveCfg = Debug|Any CPU
		{64ACA66D-484C-4FAC-88F0-49FEA91ED593}.Debug|Any CPU.Build.0 = Debug|Any CPU
		{64ACA66D-484C-4FAC-88F0-49FEA91ED593}.Release|Any CPU.ActiveCfg = Release|Any CPU
		{64ACA66D-484C-4FAC-88F0-49FEA91ED593}.Release|Any CPU.Build.0 = Release|Any CPU
		{B0986FBF-8073-4370-A366-BC373801B530}.Debug|Any CPU.ActiveCfg = Debug|Any CPU
		{B0986FBF-8073-4370-A366-BC373801B530}.Debug|Any CPU.Build.0 = Debug|Any CPU
		{B0986FBF-8073-4370-A366-BC373801B530}.Release|Any CPU.ActiveCfg = Release|Any CPU
		{B0986FBF-8073-4370-A366-BC373801B530}.Release|Any CPU.Build.0 = Release|Any CPU
		{7AF28F6C-8295-466B-969C-76B6C4258A9C}.Debug|Any CPU.ActiveCfg = Debug|Any CPU
		{7AF28F6C-8295-466B-969C-76B6C4258A9C}.Debug|Any CPU.Build.0 = Debug|Any CPU
		{7AF28F6C-8295-466B-969C-76B6C4258A9C}.Release|Any CPU.ActiveCfg = Release|Any CPU
		{7AF28F6C-8295-466B-969C-76B6C4258A9C}.Release|Any CPU.Build.0 = Release|Any CPU
		{A957BD60-E2E0-46A3-B9D8-B771528D399E}.Debug|Any CPU.ActiveCfg = Debug|Any CPU
		{A957BD60-E2E0-46A3-B9D8-B771528D399E}.Debug|Any CPU.Build.0 = Debug|Any CPU
		{A957BD60-E2E0-46A3-B9D8-B771528D399E}.Release|Any CPU.ActiveCfg = Release|Any CPU
		{A957BD60-E2E0-46A3-B9D8-B771528D399E}.Release|Any CPU.Build.0 = Release|Any CPU
		{AC2C1F51-BD1E-471A-8E7F-65DFDEE34ECE}.Debug|Any CPU.ActiveCfg = Debug|Any CPU
		{AC2C1F51-BD1E-471A-8E7F-65DFDEE34ECE}.Debug|Any CPU.Build.0 = Debug|Any CPU
		{AC2C1F51-BD1E-471A-8E7F-65DFDEE34ECE}.Release|Any CPU.ActiveCfg = Release|Any CPU
		{AC2C1F51-BD1E-471A-8E7F-65DFDEE34ECE}.Release|Any CPU.Build.0 = Release|Any CPU
	EndGlobalSection
	GlobalSection(SolutionProperties) = preSolution
		HideSolutionNode = FALSE
	EndGlobalSection
	GlobalSection(ExtensibilityGlobals) = postSolution
		SolutionGuid = {A78481F9-0668-45D5-BC56-7668E7EDFAF7}
	EndGlobalSection
EndGlobal
